<?xml version="1.0" encoding="utf-8"?>
<Project ToolsVersion="4.0" xmlns="http://schemas.microsoft.com/developer/msbuild/2003">
  <ItemGroup>
    <Filter Include="소스 파일">
      <UniqueIdentifier>{4FC737F1-C7A5-4376-A066-2A32D752A2FF}</UniqueIdentifier>
      <Extensions>cpp;c;cc;cxx;c++;cppm;ixx;def;odl;idl;hpj;bat;asm;asmx</Extensions>
    </Filter>
    <Filter Include="헤더 파일">
      <UniqueIdentifier>{93995380-89BD-4b04-88EB-625FBE52EBFB}</UniqueIdentifier>
      <Extensions>h;hh;hpp;hxx;h++;hm;inl;inc;ipp;xsd</Extensions>
    </Filter>
    <Filter Include="리소스 파일">
      <UniqueIdentifier>{67DA6AB6-F800-4c08-8B7A-83BB121AAD01}</UniqueIdentifier>
      <Extensions>rc;ico;cur;bmp;dlg;rc2;rct;bin;rgs;gif;jpg;jpeg;jpe;resx;tiff;tif;png;wav;mfcribbon-ms</Extensions>
    </Filter>
    <Filter Include="소스 파일\37차-A">
      <UniqueIdentifier>{0aa04464-1f74-4f66-a754-ebac6d0af542}</UniqueIdentifier>
    </Filter>
    <Filter Include="소스 파일\37차-H">
      <UniqueIdentifier>{c43d808a-255a-4df8-8d8a-d4fcf67b61f7}</UniqueIdentifier>
    </Filter>
    <Filter Include="소스 파일\38차-A">
      <UniqueIdentifier>{ba9542be-415f-4889-8064-b24f7394da2a}</UniqueIdentifier>
    </Filter>
    <Filter Include="소스 파일\39차-A">
      <UniqueIdentifier>{71541df2-f324-4158-a1cb-b2ec0245d1ab}</UniqueIdentifier>
    </Filter>
  </ItemGroup>
  <ItemGroup>
    <ClCompile Include="파일에 구조체 쓰기 2.c">
      <Filter>소스 파일\37차-A</Filter>
    </ClCompile>
    <ClCompile Include="파일에 구조체 쓰기 1.c">
      <Filter>소스 파일\37차-A</Filter>
    </ClCompile>
    <ClCompile Include="파일에서 구조체 읽기.c">
      <Filter>소스 파일\37차-A</Filter>
    </ClCompile>
    <ClCompile Include="Quiz 1.1.c">
      <Filter>소스 파일\37차-A</Filter>
    </ClCompile>
    <ClCompile Include="Quiz 1.2.c">
      <Filter>소스 파일\37차-H</Filter>
    </ClCompile>
    <ClCompile Include="Quiz 1.3.c">
      <Filter>소스 파일\37차-H</Filter>
    </ClCompile>
    <ClCompile Include="Quiz 1.4.c">
      <Filter>소스 파일\37차-H</Filter>
    </ClCompile>
    <ClCompile Include="Quiz 1.4.W.c">
      <Filter>소스 파일\37차-H</Filter>
    </ClCompile>
    <ClCompile Include="거품 정렬 구현하기.c">
      <Filter>소스 파일\38차-A</Filter>
    </ClCompile>
    <ClCompile Include="퀵 정렬 함수 사용하기.c">
      <Filter>소스 파일\38차-A</Filter>
    </ClCompile>
    <ClCompile Include="Quiz 1-1.c">
      <Filter>소스 파일\38차-A</Filter>
    </ClCompile>
    <ClCompile Include="Quiz 1-2.c">
      <Filter>소스 파일\38차-A</Filter>
    </ClCompile>
    <ClCompile Include="Quiz 1-3.c">
      <Filter>소스 파일\38차-A</Filter>
    </ClCompile>
    <ClCompile Include="Quiz 1-4.c">
      <Filter>소스 파일\38차-A</Filter>
    </ClCompile>
    <ClCompile Include="booksave.c">
      <Filter>소스 파일\39차-A</Filter>
    </ClCompile>
    <ClCompile Include="name3.c">
      <Filter>소스 파일\39차-A</Filter>
    </ClCompile>
    <ClCompile Include="Quiz-1.1.c">
      <Filter>소스 파일\39차-A</Filter>
    </ClCompile>
    <ClCompile Include="byte.c">
      <Filter>소스 파일\38차-A</Filter>
    </ClCompile>
  </ItemGroup>
</Project>