
Microsoft Visual Studio Solution File, Format Version 12.00
# Visual Studio Version 16
VisualStudioVersion = 16.0.31205.134
MinimumVisualStudioVersion = 10.0.40219.1
Project("{8BC9CEB8-8B4A-11D0-8D11-00A0C91BC942}") = "gcd", "gcd\gcd.vcxproj", "{2D4D60AF-FFA2-4CBA-8FA8-4C7C889C256C}"
EndProject
Project("{8BC9CEB8-8B4A-11D0-8D11-00A0C91BC942}") = "binary", "binary\binary.vcxproj", "{CE0A07B9-B6B3-4B81-B74B-B7347F32CA22}"
EndProject
Global
	GlobalSection(SolutionConfigurationPlatforms) = preSolution
		Debug|x64 = Debug|x64
		Debug|x86 = Debug|x86
		Release|x64 = Release|x64
		Release|x86 = Release|x86
	EndGlobalSection
	GlobalSection(ProjectConfigurationPlatforms) = postSolution
		{2D4D60AF-FFA2-4CBA-8FA8-4C7C889C256C}.Debug|x64.ActiveCfg = Debug|x64
		{2D4D60AF-FFA2-4CBA-8FA8-4C7C889C256C}.Debug|x64.Build.0 = Debug|x64
		{2D4D60AF-FFA2-4CBA-8FA8-4C7C889C256C}.Debug|x86.ActiveCfg = Debug|Win32
		{2D4D60AF-FFA2-4CBA-8FA8-4C7C889C256C}.Debug|x86.Build.0 = Debug|Win32
		{2D4D60AF-FFA2-4CBA-8FA8-4C7C889C256C}.Release|x64.ActiveCfg = Release|x64
		{2D4D60AF-FFA2-4CBA-8FA8-4C7C889C256C}.Release|x64.Build.0 = Release|x64
		{2D4D60AF-FFA2-4CBA-8FA8-4C7C889C256C}.Release|x86.ActiveCfg = Release|Win32
		{2D4D60AF-FFA2-4CBA-8FA8-4C7C889C256C}.Release|x86.Build.0 = Release|Win32
		{CE0A07B9-B6B3-4B81-B74B-B7347F32CA22}.Debug|x64.ActiveCfg = Debug|x64
		{CE0A07B9-B6B3-4B81-B74B-B7347F32CA22}.Debug|x64.Build.0 = Debug|x64
		{CE0A07B9-B6B3-4B81-B74B-B7347F32CA22}.Debug|x86.ActiveCfg = Debug|Win32
		{CE0A07B9-B6B3-4B81-B74B-B7347F32CA22}.Debug|x86.Build.0 = Debug|Win32
		{CE0A07B9-B6B3-4B81-B74B-B7347F32CA22}.Release|x64.ActiveCfg = Release|x64
		{CE0A07B9-B6B3-4B81-B74B-B7347F32CA22}.Release|x64.Build.0 = Release|x64
		{CE0A07B9-B6B3-4B81-B74B-B7347F32CA22}.Release|x86.ActiveCfg = Release|Win32
		{CE0A07B9-B6B3-4B81-B74B-B7347F32CA22}.Release|x86.Build.0 = Release|Win32
	EndGlobalSection
	GlobalSection(SolutionProperties) = preSolution
		HideSolutionNode = FALSE
	EndGlobalSection
	GlobalSection(ExtensibilityGlobals) = postSolution
		SolutionGuid = {D130D1D8-B94C-4876-86D7-78F053DDB907}
	EndGlobalSection
EndGlobal
