<?xml version="1.0" encoding="utf-8"?>
<Project ToolsVersion="4.0" xmlns="http://schemas.microsoft.com/developer/msbuild/2003">
  <ItemGroup>
    <Filter Include="소스 파일">
      <UniqueIdentifier>{4FC737F1-C7A5-4376-A066-2A32D752A2FF}</UniqueIdentifier>
      <Extensions>cpp;c;cc;cxx;c++;cppm;ixx;def;odl;idl;hpj;bat;asm;asmx</Extensions>
    </Filter>
    <Filter Include="헤더 파일">
      <UniqueIdentifier>{93995380-89BD-4b04-88EB-625FBE52EBFB}</UniqueIdentifier>
      <Extensions>h;hh;hpp;hxx;h++;hm;inl;inc;ipp;xsd</Extensions>
    </Filter>
    <Filter Include="리소스 파일">
      <UniqueIdentifier>{67DA6AB6-F800-4c08-8B7A-83BB121AAD01}</UniqueIdentifier>
      <Extensions>rc;ico;cur;bmp;dlg;rc2;rct;bin;rgs;gif;jpg;jpeg;jpe;resx;tiff;tif;png;wav;mfcribbon-ms</Extensions>
    </Filter>
    <Filter Include="소스 파일\5차-H">
      <UniqueIdentifier>{186208bc-dbad-483b-bbb0-f89313d63b88}</UniqueIdentifier>
    </Filter>
    <Filter Include="소스 파일\6차-H">
      <UniqueIdentifier>{8f194b6d-7067-424f-b7b1-7732dc6b7fcd}</UniqueIdentifier>
    </Filter>
    <Filter Include="소스 파일\6차-A">
      <UniqueIdentifier>{fc46e1c2-08b2-4b32-8c9a-5232f14a620c}</UniqueIdentifier>
    </Filter>
    <Filter Include="소스 파일\7차-A">
      <UniqueIdentifier>{cda3b8c2-4bee-40fd-8687-1efeb265db37}</UniqueIdentifier>
    </Filter>
    <Filter Include="소스 파일\7차-H">
      <UniqueIdentifier>{5d300fe6-3022-4eed-8f4b-47f46e2625c0}</UniqueIdentifier>
    </Filter>
    <Filter Include="소스 파일\8차-A">
      <UniqueIdentifier>{a54ed7ee-3fe1-4222-8084-8ed3da2ceadb}</UniqueIdentifier>
    </Filter>
    <Filter Include="소스 파일\9차-A">
      <UniqueIdentifier>{30b7e302-876e-44d8-a32d-97e8b41c1f5a}</UniqueIdentifier>
    </Filter>
    <Filter Include="소스 파일\10차-A">
      <UniqueIdentifier>{484f3e35-da80-4e54-9abc-d2d5956fcf8d}</UniqueIdentifier>
    </Filter>
  </ItemGroup>
  <ItemGroup>
    <ClCompile Include="Quiz_1.2.c">
      <Filter>소스 파일\5차-H</Filter>
    </ClCompile>
    <ClCompile Include="if 조건문 사용하기.c">
      <Filter>소스 파일\6차-A</Filter>
    </ClCompile>
    <ClCompile Include="if 조건문과 세미콜론.c">
      <Filter>소스 파일\6차-A</Filter>
    </ClCompile>
    <ClCompile Include="if 조건문에서 중괄호 생략하기 1-1.c">
      <Filter>소스 파일\6차-A</Filter>
    </ClCompile>
    <ClCompile Include="if 조건문에서 중괄호 생략하기 1-2.c">
      <Filter>소스 파일\6차-A</Filter>
    </ClCompile>
    <ClCompile Include="if 조건문에서 중괄호 생략하기 1-3.c">
      <Filter>소스 파일\6차-A</Filter>
    </ClCompile>
    <ClCompile Include="if 조건문에서 실수와 문자 비교하기.c">
      <Filter>소스 파일\6차-A</Filter>
    </ClCompile>
    <ClCompile Include="사용자가 입력한 값에 if 조건문 사용하기.c">
      <Filter>소스 파일\6차-A</Filter>
    </ClCompile>
    <ClCompile Include="Quiz 1-1.c">
      <Filter>소스 파일\6차-A</Filter>
    </ClCompile>
    <ClCompile Include="Quiz 1-2.c">
      <Filter>소스 파일\6차-A</Filter>
    </ClCompile>
    <ClCompile Include="Quiz 1-3.c">
      <Filter>소스 파일\6차-A</Filter>
    </ClCompile>
    <ClCompile Include="Quiz_1.1.c">
      <Filter>소스 파일\5차-H</Filter>
    </ClCompile>
    <ClCompile Include="else 사용하기.c">
      <Filter>소스 파일\6차-A</Filter>
    </ClCompile>
    <ClCompile Include="else와 세미콜론.c">
      <Filter>소스 파일\6차-A</Filter>
    </ClCompile>
    <ClCompile Include="else에서 중괄호 생략하기 1-1.c">
      <Filter>소스 파일\6차-A</Filter>
    </ClCompile>
    <ClCompile Include="else에서 중괄호 생략하기 1-3.c">
      <Filter>소스 파일\6차-A</Filter>
    </ClCompile>
    <ClCompile Include="else에서 중괄호 생략하기 1-2%28오류%29.c">
      <Filter>소스 파일\6차-A</Filter>
    </ClCompile>
    <ClCompile Include="if 조건문의 동작 방식 알아보기 1-1.c">
      <Filter>소스 파일\6차-A</Filter>
    </ClCompile>
    <ClCompile Include="if 조건문의 동작 방식 알아보기 1-2.c">
      <Filter>소스 파일\6차-A</Filter>
    </ClCompile>
    <ClCompile Include="if 조건문의 동작 방식 알아보기.c">
      <Filter>소스 파일\6차-A</Filter>
    </ClCompile>
    <ClCompile Include="조건식을 여러개 지정하기.c">
      <Filter>소스 파일\6차-A</Filter>
    </ClCompile>
    <ClCompile Include="Quiz 2-1.c">
      <Filter>소스 파일\6차-A</Filter>
    </ClCompile>
    <ClCompile Include="Quiz 2-2.c">
      <Filter>소스 파일\6차-A</Filter>
    </ClCompile>
    <ClCompile Include="Quiz 2-3.c">
      <Filter>소스 파일\6차-A</Filter>
    </ClCompile>
    <ClCompile Include="Quiz 2-4.c">
      <Filter>소스 파일\6차-A</Filter>
    </ClCompile>
    <ClCompile Include="Quiz 2-5.c">
      <Filter>소스 파일\6차-A</Filter>
    </ClCompile>
    <ClCompile Include="else if 사용하기.c">
      <Filter>소스 파일\6차-A</Filter>
    </ClCompile>
    <ClCompile Include="if, else if, else를 모두 사용하기.c">
      <Filter>소스 파일\6차-A</Filter>
    </ClCompile>
    <ClCompile Include="Quiz 3-1.c">
      <Filter>소스 파일\6차-H</Filter>
    </ClCompile>
    <ClCompile Include="Quiz 3-2.c">
      <Filter>소스 파일\6차-H</Filter>
    </ClCompile>
    <ClCompile Include="Quiz 3-3.c">
      <Filter>소스 파일\6차-H</Filter>
    </ClCompile>
    <ClCompile Include="괄호 사용하기 1-2.c">
      <Filter>소스 파일\7차-A</Filter>
    </ClCompile>
    <ClCompile Include="연산자의 결합 방법 알아보기.c">
      <Filter>소스 파일\7차-A</Filter>
    </ClCompile>
    <ClCompile Include="결합 방향이 다른 연산자와 괄호 사용하기.c">
      <Filter>소스 파일\7차-A</Filter>
    </ClCompile>
    <ClCompile Include="괄호 사용하기 1-1.c">
      <Filter>소스 파일\7차-A</Filter>
    </ClCompile>
    <ClCompile Include="논리, 비교, 시프트 연산자에서 괄호 사용하기 1-1.c">
      <Filter>소스 파일\7차-A</Filter>
    </ClCompile>
    <ClCompile Include="Quiz_1-1.c">
      <Filter>소스 파일\7차-A</Filter>
    </ClCompile>
    <ClCompile Include="사용자가 입력한 값에 따라 문자열 출력하기.c">
      <Filter>소스 파일\7차-A</Filter>
    </ClCompile>
    <ClCompile Include="case에서 break를 사용하지 않을 때의 동작 알아보기.c">
      <Filter>소스 파일\7차-A</Filter>
    </ClCompile>
    <ClCompile Include="case에서 break 생략 응용하기.c">
      <Filter>소스 파일\7차-A</Filter>
    </ClCompile>
    <ClCompile Include="switch에서 판별할 수 있는 자료형 알아보기.c">
      <Filter>소스 파일\7차-A</Filter>
    </ClCompile>
    <ClCompile Include="Quiz_2-1.c">
      <Filter>소스 파일\7차-A</Filter>
    </ClCompile>
    <ClCompile Include="Quiz_2-2.c">
      <Filter>소스 파일\7차-A</Filter>
    </ClCompile>
    <ClCompile Include="Quiz_2-3-2.c">
      <Filter>소스 파일\7차-A</Filter>
    </ClCompile>
    <ClCompile Include="Quiz_2-4.c">
      <Filter>소스 파일\7차-A</Filter>
    </ClCompile>
    <ClCompile Include="Quiz_2-3-3.c">
      <Filter>소스 파일\7차-H</Filter>
    </ClCompile>
    <ClCompile Include="Quiz_2-3-4.c">
      <Filter>소스 파일\7차-H</Filter>
    </ClCompile>
    <ClCompile Include="Quiz_2-3-1%28x%29.c">
      <Filter>소스 파일\7차-A</Filter>
    </ClCompile>
    <ClCompile Include="for 반복문과 세미콜론.c">
      <Filter>소스 파일\8차-A</Filter>
    </ClCompile>
    <ClCompile Include="for 반복문 사용하기.c">
      <Filter>소스 파일\8차-A</Filter>
    </ClCompile>
    <ClCompile Include="for 반복문에서 중괄호 생략하기 2.c">
      <Filter>소스 파일\8차-A</Filter>
    </ClCompile>
    <ClCompile Include="for 반복문에서 중괄호 생략하기 1.c">
      <Filter>소스 파일\8차-A</Filter>
    </ClCompile>
    <ClCompile Include="for 반복문에서 중괄호 생략하기 3.c">
      <Filter>소스 파일\8차-A</Filter>
    </ClCompile>
    <ClCompile Include="for 반복문에서 변수 두 개 사용하기.c">
      <Filter>소스 파일\8차-A</Filter>
    </ClCompile>
    <ClCompile Include="for 반복문으로 무한 루프 만들기.c">
      <Filter>소스 파일\8차-A</Filter>
    </ClCompile>
    <ClCompile Include="Quiz-1.1.c">
      <Filter>소스 파일\8차-A</Filter>
    </ClCompile>
    <ClCompile Include="Quiz-1.2.c">
      <Filter>소스 파일\8차-A</Filter>
    </ClCompile>
    <ClCompile Include="Quiz-1.3.c">
      <Filter>소스 파일\8차-A</Filter>
    </ClCompile>
    <ClCompile Include="for 반복문 입력한 횟수대로 반복하기 1.c">
      <Filter>소스 파일\8차-A</Filter>
    </ClCompile>
    <ClCompile Include="for 반복문 입력한 횟수대로 반복하기 2.c">
      <Filter>소스 파일\8차-A</Filter>
    </ClCompile>
    <ClCompile Include="for 반복문 초깃값을 1부터 시작하기.c">
      <Filter>소스 파일\8차-A</Filter>
    </ClCompile>
    <ClCompile Include="for 반복 입력한 횟수대로 반복하기 3.c">
      <Filter>소스 파일\8차-A</Filter>
    </ClCompile>
    <ClCompile Include="for 반복문 초깃값을 감소시키기.c">
      <Filter>소스 파일\8차-A</Filter>
    </ClCompile>
    <ClCompile Include="for 반복문 초깃값의 변화 알아보기.c">
      <Filter>소스 파일\8차-A</Filter>
    </ClCompile>
    <ClCompile Include="while 반복문 사용하기.c">
      <Filter>소스 파일\8차-A</Filter>
    </ClCompile>
    <ClCompile Include="while 초깃값을 1 부터 시작하기.c">
      <Filter>소스 파일\8차-A</Filter>
    </ClCompile>
    <ClCompile Include="while 초깃값을 감소시키기.c">
      <Filter>소스 파일\8차-A</Filter>
    </ClCompile>
    <ClCompile Include="while 반복문과 세미콜론.c">
      <Filter>소스 파일\8차-A</Filter>
    </ClCompile>
    <ClCompile Include="while 입력한 횟수대로 반복하기 1.c">
      <Filter>소스 파일\8차-A</Filter>
    </ClCompile>
    <ClCompile Include="while 입력한 횟수대로 반복하기.c">
      <Filter>소스 파일\8차-A</Filter>
    </ClCompile>
    <ClCompile Include="while 반복 횟수가 정해지지 않은 경우.c">
      <Filter>소스 파일\8차-A</Filter>
    </ClCompile>
    <ClCompile Include="while 반복문으로 무한 루프 만들기.c">
      <Filter>소스 파일\8차-A</Filter>
    </ClCompile>
    <ClCompile Include="while 반복문에서 중괄호 생략하기.c">
      <Filter>소스 파일\8차-A</Filter>
    </ClCompile>
    <ClCompile Include="Quiz-2.1.c">
      <Filter>소스 파일\8차-A</Filter>
    </ClCompile>
    <ClCompile Include="Quiz-2.2.c">
      <Filter>소스 파일\8차-A</Filter>
    </ClCompile>
    <ClCompile Include="do while을 while로 바뀌.c">
      <Filter>소스 파일\9차-A</Filter>
    </ClCompile>
    <ClCompile Include="do while 반복문 사용하기.c">
      <Filter>소스 파일\9차-A</Filter>
    </ClCompile>
    <ClCompile Include="do while 초깃값을 1부터 시작하기.c">
      <Filter>소스 파일\9차-A</Filter>
    </ClCompile>
    <ClCompile Include="do while 초깃값을 감소시키기.c">
      <Filter>소스 파일\9차-A</Filter>
    </ClCompile>
    <ClCompile Include="do while 입력한 횟수대로 반복하기.c">
      <Filter>소스 파일\9차-A</Filter>
    </ClCompile>
    <ClCompile Include="do while 반복 횟수가 정해지지 않은 경우.c">
      <Filter>소스 파일\9차-A</Filter>
    </ClCompile>
    <ClCompile Include="do while 반복문으로 무한 루프 만들기.c">
      <Filter>소스 파일\9차-A</Filter>
    </ClCompile>
    <ClCompile Include="do while 코드를 한번만 실행하기.c">
      <Filter>소스 파일\9차-A</Filter>
    </ClCompile>
    <ClCompile Include="Quiz__1.1.c">
      <Filter>소스 파일\9차-A</Filter>
    </ClCompile>
    <ClCompile Include="Quiz__1.2.c">
      <Filter>소스 파일\9차-A</Filter>
    </ClCompile>
    <ClCompile Include="Quiz__1.3.c">
      <Filter>소스 파일\9차-A</Filter>
    </ClCompile>
    <ClCompile Include="break, continue로 반복문 제어하기 2.c">
      <Filter>소스 파일\9차-A</Filter>
    </ClCompile>
    <ClCompile Include="break, continue로 반복문 제어하기 1.c">
      <Filter>소스 파일\9차-A</Filter>
    </ClCompile>
    <ClCompile Include="break로 반복문 끝내기 1.c">
      <Filter>소스 파일\9차-A</Filter>
    </ClCompile>
    <ClCompile Include="break로 반복문 끝내기 2.c">
      <Filter>소스 파일\9차-A</Filter>
    </ClCompile>
    <ClCompile Include="continue로 코드 실행 건너뛰기 2.c">
      <Filter>소스 파일\9차-A</Filter>
    </ClCompile>
    <ClCompile Include="continue로 코드 실행 건너뛰기 1.c">
      <Filter>소스 파일\9차-A</Filter>
    </ClCompile>
    <ClCompile Include="break, continue 입력한 횟수대로 반복하기.c">
      <Filter>소스 파일\9차-A</Filter>
    </ClCompile>
    <ClCompile Include="break, continue 입력한 숫자까지 짝수 출력하기.c">
      <Filter>소스 파일\9차-A</Filter>
    </ClCompile>
    <ClCompile Include="Quiz__2.1.c">
      <Filter>소스 파일\9차-A</Filter>
    </ClCompile>
    <ClCompile Include="Quiz__2.2.c">
      <Filter>소스 파일\9차-A</Filter>
    </ClCompile>
    <ClCompile Include="Quiz__2.3.c">
      <Filter>소스 파일\9차-A</Filter>
    </ClCompile>
    <ClCompile Include="중첩 루프 사용하기.c">
      <Filter>소스 파일\10차-A</Filter>
    </ClCompile>
    <ClCompile Include="사각형으로 별 출력하기 1.c">
      <Filter>소스 파일\10차-A</Filter>
    </ClCompile>
    <ClCompile Include="사각형으로 별 출력하기 2.c">
      <Filter>소스 파일\10차-A</Filter>
    </ClCompile>
    <ClCompile Include="계단식으로 별 출력하기.c">
      <Filter>소스 파일\10차-A</Filter>
    </ClCompile>
    <ClCompile Include="대각선으로 별 출력하기 1.c">
      <Filter>소스 파일\10차-A</Filter>
    </ClCompile>
    <ClCompile Include="대각선으로 별 출력하기 2.c">
      <Filter>소스 파일\10차-A</Filter>
    </ClCompile>
    <ClCompile Include="Quiz-1-1.c">
      <Filter>소스 파일\10차-A</Filter>
    </ClCompile>
    <ClCompile Include="Quiz-1-2.c">
      <Filter>소스 파일\10차-A</Filter>
    </ClCompile>
    <ClCompile Include="Quiz-1-3.c">
      <Filter>소스 파일\10차-A</Filter>
    </ClCompile>
  </ItemGroup>
</Project>