
Microsoft Visual Studio Solution File, Format Version 12.00
# Visual Studio Version 16
VisualStudioVersion = 16.0.31205.134
MinimumVisualStudioVersion = 10.0.40219.1
Project("{8BC9CEB8-8B4A-11D0-8D11-00A0C91BC942}") = "MentoMentee", "MentoMentee\MentoMentee.vcxproj", "{63CC726C-0088-4451-A60E-6406D78FBD7C}"
EndProject
Project("{8BC9CEB8-8B4A-11D0-8D11-00A0C91BC942}") = "array", "array\array.vcxproj", "{9A975AFA-2E66-41D3-B525-E80195D5B46E}"
EndProject
Project("{8BC9CEB8-8B4A-11D0-8D11-00A0C91BC942}") = "pointer", "pointer\pointer.vcxproj", "{133A009A-F179-4C9E-A032-F20A349C4841}"
EndProject
Global
	GlobalSection(SolutionConfigurationPlatforms) = preSolution
		Debug|x64 = Debug|x64
		Debug|x86 = Debug|x86
		Release|x64 = Release|x64
		Release|x86 = Release|x86
	EndGlobalSection
	GlobalSection(ProjectConfigurationPlatforms) = postSolution
		{63CC726C-0088-4451-A60E-6406D78FBD7C}.Debug|x64.ActiveCfg = Debug|x64
		{63CC726C-0088-4451-A60E-6406D78FBD7C}.Debug|x64.Build.0 = Debug|x64
		{63CC726C-0088-4451-A60E-6406D78FBD7C}.Debug|x86.ActiveCfg = Debug|Win32
		{63CC726C-0088-4451-A60E-6406D78FBD7C}.Debug|x86.Build.0 = Debug|Win32
		{63CC726C-0088-4451-A60E-6406D78FBD7C}.Release|x64.ActiveCfg = Release|x64
		{63CC726C-0088-4451-A60E-6406D78FBD7C}.Release|x64.Build.0 = Release|x64
		{63CC726C-0088-4451-A60E-6406D78FBD7C}.Release|x86.ActiveCfg = Release|Win32
		{63CC726C-0088-4451-A60E-6406D78FBD7C}.Release|x86.Build.0 = Release|Win32
		{9A975AFA-2E66-41D3-B525-E80195D5B46E}.Debug|x64.ActiveCfg = Debug|x64
		{9A975AFA-2E66-41D3-B525-E80195D5B46E}.Debug|x64.Build.0 = Debug|x64
		{9A975AFA-2E66-41D3-B525-E80195D5B46E}.Debug|x86.ActiveCfg = Debug|Win32
		{9A975AFA-2E66-41D3-B525-E80195D5B46E}.Debug|x86.Build.0 = Debug|Win32
		{9A975AFA-2E66-41D3-B525-E80195D5B46E}.Release|x64.ActiveCfg = Release|x64
		{9A975AFA-2E66-41D3-B525-E80195D5B46E}.Release|x64.Build.0 = Release|x64
		{9A975AFA-2E66-41D3-B525-E80195D5B46E}.Release|x86.ActiveCfg = Release|Win32
		{9A975AFA-2E66-41D3-B525-E80195D5B46E}.Release|x86.Build.0 = Release|Win32
		{133A009A-F179-4C9E-A032-F20A349C4841}.Debug|x64.ActiveCfg = Debug|x64
		{133A009A-F179-4C9E-A032-F20A349C4841}.Debug|x64.Build.0 = Debug|x64
		{133A009A-F179-4C9E-A032-F20A349C4841}.Debug|x86.ActiveCfg = Debug|Win32
		{133A009A-F179-4C9E-A032-F20A349C4841}.Debug|x86.Build.0 = Debug|Win32
		{133A009A-F179-4C9E-A032-F20A349C4841}.Release|x64.ActiveCfg = Release|x64
		{133A009A-F179-4C9E-A032-F20A349C4841}.Release|x64.Build.0 = Release|x64
		{133A009A-F179-4C9E-A032-F20A349C4841}.Release|x86.ActiveCfg = Release|Win32
		{133A009A-F179-4C9E-A032-F20A349C4841}.Release|x86.Build.0 = Release|Win32
	EndGlobalSection
	GlobalSection(SolutionProperties) = preSolution
		HideSolutionNode = FALSE
	EndGlobalSection
	GlobalSection(ExtensibilityGlobals) = postSolution
		SolutionGuid = {976CE416-5BF3-4DAB-8C6E-9B201853F4EA}
	EndGlobalSection
EndGlobal
